
Microsoft Visual Studio Solution File, Format Version 12.00
# Visual Studio Version 17
VisualStudioVersion = 17.8.34525.116
MinimumVisualStudioVersion = 10.0.40219.1
Project("{9A19103F-16F7-4668-BE54-9A1E7A4F7556}") = "WpfStudyApplication", "WpfStudyApplication\WpfStudyApplication.csproj", "{369573A6-3391-4422-8A60-EDC78061CF5E}"
EndProject
Project("{9A19103F-16F7-4668-BE54-9A1E7A4F7556}") = "Database", "Database\Database.csproj", "{921D6911-0490-472C-A1C1-72275EF6AC61}"
EndProject
Project("{FAE04EC0-301F-11D3-BF4B-00C04F79EFBC}") = "Other", "Other\Other.csproj", "{7FE035C2-E2EA-4594-9291-C8D1D49CC8FD}"
EndProject
Global
	GlobalSection(SolutionConfigurationPlatforms) = preSolution
		Debug|Any CPU = Debug|Any CPU
		Release|Any CPU = Release|Any CPU
	EndGlobalSection
	GlobalSection(ProjectConfigurationPlatforms) = postSolution
		{369573A6-3391-4422-8A60-EDC78061CF5E}.Debug|Any CPU.ActiveCfg = Debug|Any CPU
		{369573A6-3391-4422-8A60-EDC78061CF5E}.Debug|Any CPU.Build.0 = Debug|Any CPU
		{369573A6-3391-4422-8A60-EDC78061CF5E}.Release|Any CPU.ActiveCfg = Release|Any CPU
		{369573A6-3391-4422-8A60-EDC78061CF5E}.Release|Any CPU.Build.0 = Release|Any CPU
		{921D6911-0490-472C-A1C1-72275EF6AC61}.Debug|Any CPU.ActiveCfg = Debug|Any CPU
		{921D6911-0490-472C-A1C1-72275EF6AC61}.Debug|Any CPU.Build.0 = Debug|Any CPU
		{921D6911-0490-472C-A1C1-72275EF6AC61}.Release|Any CPU.ActiveCfg = Release|Any CPU
		{921D6911-0490-472C-A1C1-72275EF6AC61}.Release|Any CPU.Build.0 = Release|Any CPU
		{7FE035C2-E2EA-4594-9291-C8D1D49CC8FD}.Debug|Any CPU.ActiveCfg = Debug|Any CPU
		{7FE035C2-E2EA-4594-9291-C8D1D49CC8FD}.Debug|Any CPU.Build.0 = Debug|Any CPU
		{7FE035C2-E2EA-4594-9291-C8D1D49CC8FD}.Release|Any CPU.ActiveCfg = Release|Any CPU
		{7FE035C2-E2EA-4594-9291-C8D1D49CC8FD}.Release|Any CPU.Build.0 = Release|Any CPU
	EndGlobalSection
	GlobalSection(SolutionProperties) = preSolution
		HideSolutionNode = FALSE
	EndGlobalSection
	GlobalSection(ExtensibilityGlobals) = postSolution
		SolutionGuid = {7A5A15D0-1D64-4CEB-AFAA-A1C58256F2E7}
	EndGlobalSection
EndGlobal
